schema: '2.0'
stages:
  prepare:
    cmd: python3.12 src/prepare.py data/raw data/prepared
    deps:
    - path: data/raw
      hash: md5
      md5: 6d8f0c274829764e1ea1112420825014.dir
      size: 8822930
      nfiles: 1605
    - path: src/prepare.py
      hash: md5
      md5: d4f3312976ced5ace2cdab70239d544a
      size: 2514
    - path: src/utils/seed.py
      hash: md5
      md5: 3a792a2e3aece6c04c2756bc133a5cd1
      size: 438
    params:
      params.yaml:
        prepare:
          seed: 77
          split: 0.2
          image_size:
          - 32
          - 32
          grayscale: true
    outs:
    - path: data/prepared
      hash: md5
      md5: 3423cc9a1c9d6f4bfb03f9ed0bc412ec.dir
      size: 6619331
      nfiles: 8
  train:
    cmd: python3.12 src/train.py data/prepared model
    deps:
    - path: data/prepared
      hash: md5
      md5: 3423cc9a1c9d6f4bfb03f9ed0bc412ec.dir
      size: 6619331
      nfiles: 8
    - path: src/train.py
      hash: md5
      md5: 7e5fb091cae511b7a2cc365cff38077e
      size: 2568
    - path: src/utils/seed.py
      hash: md5
      md5: 3a792a2e3aece6c04c2756bc133a5cd1
      size: 438
    params:
      params.yaml:
        train:
          seed: 77
          lr: 0.0001
          epochs: 10
          conv_size: 32
          dense_size: 64
          output_classes: 11
    outs:
    - path: model
      hash: md5
      md5: 9fcd2e943793cd28c5307dbaba3120c3.dir
      size: 2501944
      nfiles: 2
  evaluate:
    cmd: python3.12 src/evaluate.py model data/prepared
    deps:
    - path: model
      hash: md5
      md5: 9fcd2e943793cd28c5307dbaba3120c3.dir
      size: 2501944
      nfiles: 2
    - path: src/evaluate.py
      hash: md5
      md5: 3ac2043eb143889a0abce9b9758bbc16
      size: 5187
    outs:
    - path: evaluation/metrics.json
      hash: md5
      md5: b2d32e763fdb7ff5aa1e59f751e7c64a
      size: 63
    - path: evaluation/plots/confusion_matrix.png
      hash: md5
      md5: fbab7915ea7217fead6ddb40b9109f2b
      size: 50343
    - path: evaluation/plots/pred_preview.png
      hash: md5
      md5: 4dc75b6602d69d45f1bd25a27013a24f
      size: 44295
    - path: evaluation/plots/training_history.png
      hash: md5
      md5: 7f76aa2dd0e462fdd04ad41cbf7ba181
      size: 39706
