schema: '2.0'
stages:
  prepare:
    cmd: python3.12 src/prepare.py data/raw data/prepared
    deps:
    - path: data/raw
      hash: md5
      md5: 6d8f0c274829764e1ea1112420825014.dir
      size: 8822930
      nfiles: 1605
    - path: src/prepare.py
      hash: md5
      md5: d4f3312976ced5ace2cdab70239d544a
      size: 2514
    - path: src/utils/seed.py
      hash: md5
      md5: 3a792a2e3aece6c04c2756bc133a5cd1
      size: 438
    params:
      params.yaml:
        prepare:
          seed: 77
          split: 0.2
          image_size:
          - 32
          - 32
          grayscale: true
    outs:
    - path: data/prepared
      hash: md5
      md5: 3423cc9a1c9d6f4bfb03f9ed0bc412ec.dir
      size: 6619331
      nfiles: 8
  train:
    cmd: python3.12 src/train.py data/prepared model
    deps:
    - path: data/prepared
      hash: md5
      md5: 3423cc9a1c9d6f4bfb03f9ed0bc412ec.dir
      size: 6619331
      nfiles: 8
    - path: src/train.py
      hash: md5
      md5: 94653c366c27a8975e3534d0f90c2999
      size: 3857
    - path: src/utils/seed.py
      hash: md5
      md5: 3a792a2e3aece6c04c2756bc133a5cd1
      size: 438
    params:
      params.yaml:
        train:
          seed: 77
          lr: 0.001
          epochs: 10
          conv_size: 64
          dense_size: 128
          output_classes: 11
    outs:
    - path: model
      hash: md5
      md5: ddfbaf68a8011f1e7ff97d411f061572.dir
      size: 8378524
      nfiles: 2
  evaluate:
    cmd: python3.12 src/evaluate.py model data/prepared
    deps:
    - path: model
      hash: md5
      md5: ddfbaf68a8011f1e7ff97d411f061572.dir
      size: 8378524
      nfiles: 2
    - path: src/evaluate.py
      hash: md5
      md5: 75cc4a82f2130bba6625777e5818ac8b
      size: 5480
    outs:
    - path: evaluation/metrics.json
      hash: md5
      md5: 9511c6caf238091979659de1d2e7b2fa
      size: 64
    - path: evaluation/plots/confusion_matrix.png
      hash: md5
      md5: 82321dddfde225007d0b80fdc4eb3445
      size: 45676
    - path: evaluation/plots/pred_preview.png
      hash: md5
      md5: 4d13220a1900e3213a825dcc7ad87dad
      size: 43555
    - path: evaluation/plots/training_history.png
      hash: md5
      md5: afb5ff4523c2841ff8f384cd96c88983
      size: 37143
